
Microsoft Visual Studio Solution File, Format Version 12.00
# Visual Studio Version 17
VisualStudioVersion = 17.0.31903.59
MinimumVisualStudioVersion = 10.0.40219.1
Project("{2150E333-8FDC-42A3-9474-1A3956D46DE8}") = "src", "src", "{827E0CD3-B72D-47B6-A68D-7590B98EB39B}"
EndProject
Project("{FAE04EC0-301F-11D3-BF4B-00C04F79EFBC}") = "NpuTools.Shared", "src\NpuTools.Shared\NpuTools.Shared.csproj", "{8674A1E9-810E-4D24-B314-716E6E1FC61D}"
EndProject
Project("{FAE04EC0-301F-11D3-BF4B-00C04F79EFBC}") = "NpuAwakeExtension", "src\NpuAwakeExtension\NpuAwakeExtension.csproj", "{BEFE4099-FC91-47C6-9410-2C2D31E235F0}"
EndProject
Project("{2150E333-8FDC-42A3-9474-1A3956D46DE8}") = "tools", "tools", "{07C2787E-EAC7-C090-1BA3-A61EC2A24D84}"
EndProject
Project("{FAE04EC0-301F-11D3-BF4B-00C04F79EFBC}") = "NpuAwakeKeeper", "tools\NpuAwakeKeeper\NpuAwakeKeeper.csproj", "{83D38D0C-E346-4FA6-90A5-64C2280B32B9}"
EndProject
Project("{FAE04EC0-301F-11D3-BF4B-00C04F79EFBC}") = "NpuOrganizeKeeper", "src\NpuOrganizeKeeper\NpuOrganizeKeeper.csproj", "{D4E7F2A1-3B8C-4D5E-9F0A-1B2C3D4E5F6A}"
EndProject
Project("{FAE04EC0-301F-11D3-BF4B-00C04F79EFBC}") = "NpuOrganizeExtension", "src\NpuOrganizeExtension\NpuOrganizeExtension.csproj", "{FB7DEFBE-56C1-4D0F-8BF6-D98F68A5A0A0}"
EndProject
Project("{FAE04EC0-301F-11D3-BF4B-00C04F79EFBC}") = "NpuImageEditorExtension", "src\NpuImageEditorExtension\NpuImageEditorExtension.csproj", "{83FD716E-3D1C-47CC-87B8-971BBFD49777}"
EndProject
Project("{FAE04EC0-301F-11D3-BF4B-00C04F79EFBC}") = "NpuTextToolsExtension", "src\NpuTextToolsExtension\NpuTextToolsExtension.csproj", "{CA629ABB-9ED8-4589-9B41-86B1375F115D}"
EndProject
Project("{FAE04EC0-301F-11D3-BF4B-00C04F79EFBC}") = "NpuNotesExtension", "src\NpuNotesExtension\NpuNotesExtension.csproj", "{7B04A97C-5C7D-45E8-BF9B-387A65DA69C4}"
EndProject
Project("{FAE04EC0-301F-11D3-BF4B-00C04F79EFBC}") = "NpuDevToolboxExtension", "src\NpuDevToolboxExtension\NpuDevToolboxExtension.csproj", "{5A301E23-35B4-4FAB-A2A7-80DB84881BAE}"
EndProject
Project("{FAE04EC0-301F-11D3-BF4B-00C04F79EFBC}") = "ActionCenterExtension", "src\ActionCenterExtension\ActionCenterExtension.csproj", "{C2D4E0F8-DDA4-4AE1-BE4F-BCCD591436F5}"
EndProject
Project("{FAE04EC0-301F-11D3-BF4B-00C04F79EFBC}") = "SimpleAnalyticsExtension", "src\SimpleAnalyticsExtension\SimpleAnalyticsExtension.csproj", "{1BCC7073-EC31-4E2F-8A5D-BAC44EE76DD2}"
EndProject
Project("{FAE04EC0-301F-11D3-BF4B-00C04F79EFBC}") = "TimeDateDockExtension", "src\TimeDateDockExtension\TimeDateDockExtension.csproj", "{B361B9BA-071A-4E15-B44C-1DE40343EA97}"
EndProject
Project("{FAE04EC0-301F-11D3-BF4B-00C04F79EFBC}") = "MediaControlsExtension", "src\MediaControlsExtension\MediaControlsExtension.csproj", "{5B43AD5A-F467-4482-BDD0-DAF91BB2786B}"
EndProject
Project("{FAE04EC0-301F-11D3-BF4B-00C04F79EFBC}") = "NpuTools.Tests", "src\NpuTools.Tests\NpuTools.Tests.csproj", "{1E7E6B7B-A9A7-4A9D-B03E-408B830BA4C8}"
EndProject
Project("{FAE04EC0-301F-11D3-BF4B-00C04F79EFBC}") = "NpuClipboardExtension", "src\NpuClipboardExtension\NpuClipboardExtension.csproj", "{F338BD31-1533-4223-94C2-A7113C3A6D86}"
EndProject
Project("{FAE04EC0-301F-11D3-BF4B-00C04F79EFBC}") = "NpuClipboardKeeper", "src\NpuClipboardKeeper\NpuClipboardKeeper.csproj", "{02CEEB7A-A24C-4C56-89CA-AE8DF89FCB60}"
EndProject
Global
	GlobalSection(SolutionConfigurationPlatforms) = preSolution
		Debug|Any CPU = Debug|Any CPU
		Debug|x64 = Debug|x64
		Debug|x86 = Debug|x86
		Release|Any CPU = Release|Any CPU
		Release|x64 = Release|x64
		Release|x86 = Release|x86
	EndGlobalSection
	GlobalSection(ProjectConfigurationPlatforms) = postSolution
		{8674A1E9-810E-4D24-B314-716E6E1FC61D}.Debug|Any CPU.ActiveCfg = Debug|x64
		{8674A1E9-810E-4D24-B314-716E6E1FC61D}.Debug|Any CPU.Build.0 = Debug|x64
		{8674A1E9-810E-4D24-B314-716E6E1FC61D}.Debug|x64.ActiveCfg = Debug|x64
		{8674A1E9-810E-4D24-B314-716E6E1FC61D}.Debug|x64.Build.0 = Debug|x64
		{8674A1E9-810E-4D24-B314-716E6E1FC61D}.Debug|x86.ActiveCfg = Debug|x64
		{8674A1E9-810E-4D24-B314-716E6E1FC61D}.Debug|x86.Build.0 = Debug|x64
		{8674A1E9-810E-4D24-B314-716E6E1FC61D}.Release|Any CPU.ActiveCfg = Release|x64
		{8674A1E9-810E-4D24-B314-716E6E1FC61D}.Release|Any CPU.Build.0 = Release|x64
		{8674A1E9-810E-4D24-B314-716E6E1FC61D}.Release|x64.ActiveCfg = Release|x64
		{8674A1E9-810E-4D24-B314-716E6E1FC61D}.Release|x64.Build.0 = Release|x64
		{8674A1E9-810E-4D24-B314-716E6E1FC61D}.Release|x86.ActiveCfg = Release|x64
		{8674A1E9-810E-4D24-B314-716E6E1FC61D}.Release|x86.Build.0 = Release|x64
		{BEFE4099-FC91-47C6-9410-2C2D31E235F0}.Debug|Any CPU.ActiveCfg = Debug|x64
		{BEFE4099-FC91-47C6-9410-2C2D31E235F0}.Debug|Any CPU.Build.0 = Debug|x64
		{BEFE4099-FC91-47C6-9410-2C2D31E235F0}.Debug|x64.ActiveCfg = Debug|x64
		{BEFE4099-FC91-47C6-9410-2C2D31E235F0}.Debug|x64.Build.0 = Debug|x64
		{BEFE4099-FC91-47C6-9410-2C2D31E235F0}.Debug|x86.ActiveCfg = Debug|x64
		{BEFE4099-FC91-47C6-9410-2C2D31E235F0}.Debug|x86.Build.0 = Debug|x64
		{BEFE4099-FC91-47C6-9410-2C2D31E235F0}.Release|Any CPU.ActiveCfg = Release|x64
		{BEFE4099-FC91-47C6-9410-2C2D31E235F0}.Release|Any CPU.Build.0 = Release|x64
		{BEFE4099-FC91-47C6-9410-2C2D31E235F0}.Release|x64.ActiveCfg = Release|x64
		{BEFE4099-FC91-47C6-9410-2C2D31E235F0}.Release|x64.Build.0 = Release|x64
		{BEFE4099-FC91-47C6-9410-2C2D31E235F0}.Release|x86.ActiveCfg = Release|x64
		{BEFE4099-FC91-47C6-9410-2C2D31E235F0}.Release|x86.Build.0 = Release|x64
		{83D38D0C-E346-4FA6-90A5-64C2280B32B9}.Debug|Any CPU.ActiveCfg = Debug|x64
		{83D38D0C-E346-4FA6-90A5-64C2280B32B9}.Debug|Any CPU.Build.0 = Debug|x64
		{83D38D0C-E346-4FA6-90A5-64C2280B32B9}.Debug|x64.ActiveCfg = Debug|x64
		{83D38D0C-E346-4FA6-90A5-64C2280B32B9}.Debug|x64.Build.0 = Debug|x64
		{83D38D0C-E346-4FA6-90A5-64C2280B32B9}.Debug|x86.ActiveCfg = Debug|x64
		{83D38D0C-E346-4FA6-90A5-64C2280B32B9}.Debug|x86.Build.0 = Debug|x64
		{83D38D0C-E346-4FA6-90A5-64C2280B32B9}.Release|Any CPU.ActiveCfg = Release|x64
		{83D38D0C-E346-4FA6-90A5-64C2280B32B9}.Release|Any CPU.Build.0 = Release|x64
		{83D38D0C-E346-4FA6-90A5-64C2280B32B9}.Release|x64.ActiveCfg = Release|x64
		{83D38D0C-E346-4FA6-90A5-64C2280B32B9}.Release|x64.Build.0 = Release|x64
		{83D38D0C-E346-4FA6-90A5-64C2280B32B9}.Release|x86.ActiveCfg = Release|x64
		{83D38D0C-E346-4FA6-90A5-64C2280B32B9}.Release|x86.Build.0 = Release|x64
		{D4E7F2A1-3B8C-4D5E-9F0A-1B2C3D4E5F6A}.Debug|Any CPU.ActiveCfg = Debug|x64
		{D4E7F2A1-3B8C-4D5E-9F0A-1B2C3D4E5F6A}.Debug|Any CPU.Build.0 = Debug|x64
		{D4E7F2A1-3B8C-4D5E-9F0A-1B2C3D4E5F6A}.Debug|x64.ActiveCfg = Debug|x64
		{D4E7F2A1-3B8C-4D5E-9F0A-1B2C3D4E5F6A}.Debug|x64.Build.0 = Debug|x64
		{D4E7F2A1-3B8C-4D5E-9F0A-1B2C3D4E5F6A}.Debug|x86.ActiveCfg = Debug|x64
		{D4E7F2A1-3B8C-4D5E-9F0A-1B2C3D4E5F6A}.Debug|x86.Build.0 = Debug|x64
		{D4E7F2A1-3B8C-4D5E-9F0A-1B2C3D4E5F6A}.Release|Any CPU.ActiveCfg = Release|x64
		{D4E7F2A1-3B8C-4D5E-9F0A-1B2C3D4E5F6A}.Release|Any CPU.Build.0 = Release|x64
		{D4E7F2A1-3B8C-4D5E-9F0A-1B2C3D4E5F6A}.Release|x64.ActiveCfg = Release|x64
		{D4E7F2A1-3B8C-4D5E-9F0A-1B2C3D4E5F6A}.Release|x64.Build.0 = Release|x64
		{D4E7F2A1-3B8C-4D5E-9F0A-1B2C3D4E5F6A}.Release|x86.ActiveCfg = Release|x64
		{D4E7F2A1-3B8C-4D5E-9F0A-1B2C3D4E5F6A}.Release|x86.Build.0 = Release|x64
		{FB7DEFBE-56C1-4D0F-8BF6-D98F68A5A0A0}.Debug|Any CPU.ActiveCfg = Debug|x64
		{FB7DEFBE-56C1-4D0F-8BF6-D98F68A5A0A0}.Debug|Any CPU.Build.0 = Debug|x64
		{FB7DEFBE-56C1-4D0F-8BF6-D98F68A5A0A0}.Debug|x64.ActiveCfg = Debug|x64
		{FB7DEFBE-56C1-4D0F-8BF6-D98F68A5A0A0}.Debug|x64.Build.0 = Debug|x64
		{FB7DEFBE-56C1-4D0F-8BF6-D98F68A5A0A0}.Debug|x86.ActiveCfg = Debug|x64
		{FB7DEFBE-56C1-4D0F-8BF6-D98F68A5A0A0}.Debug|x86.Build.0 = Debug|x64
		{FB7DEFBE-56C1-4D0F-8BF6-D98F68A5A0A0}.Release|Any CPU.ActiveCfg = Release|x64
		{FB7DEFBE-56C1-4D0F-8BF6-D98F68A5A0A0}.Release|Any CPU.Build.0 = Release|x64
		{FB7DEFBE-56C1-4D0F-8BF6-D98F68A5A0A0}.Release|x64.ActiveCfg = Release|x64
		{FB7DEFBE-56C1-4D0F-8BF6-D98F68A5A0A0}.Release|x64.Build.0 = Release|x64
		{FB7DEFBE-56C1-4D0F-8BF6-D98F68A5A0A0}.Release|x86.ActiveCfg = Release|x64
		{FB7DEFBE-56C1-4D0F-8BF6-D98F68A5A0A0}.Release|x86.Build.0 = Release|x64
		{83FD716E-3D1C-47CC-87B8-971BBFD49777}.Debug|Any CPU.ActiveCfg = Debug|x64
		{83FD716E-3D1C-47CC-87B8-971BBFD49777}.Debug|Any CPU.Build.0 = Debug|x64
		{83FD716E-3D1C-47CC-87B8-971BBFD49777}.Debug|x64.ActiveCfg = Debug|x64
		{83FD716E-3D1C-47CC-87B8-971BBFD49777}.Debug|x64.Build.0 = Debug|x64
		{83FD716E-3D1C-47CC-87B8-971BBFD49777}.Debug|x86.ActiveCfg = Debug|x64
		{83FD716E-3D1C-47CC-87B8-971BBFD49777}.Debug|x86.Build.0 = Debug|x64
		{83FD716E-3D1C-47CC-87B8-971BBFD49777}.Release|Any CPU.ActiveCfg = Release|x64
		{83FD716E-3D1C-47CC-87B8-971BBFD49777}.Release|Any CPU.Build.0 = Release|x64
		{83FD716E-3D1C-47CC-87B8-971BBFD49777}.Release|x64.ActiveCfg = Release|x64
		{83FD716E-3D1C-47CC-87B8-971BBFD49777}.Release|x64.Build.0 = Release|x64
		{83FD716E-3D1C-47CC-87B8-971BBFD49777}.Release|x86.ActiveCfg = Release|x64
		{83FD716E-3D1C-47CC-87B8-971BBFD49777}.Release|x86.Build.0 = Release|x64
		{CA629ABB-9ED8-4589-9B41-86B1375F115D}.Debug|Any CPU.ActiveCfg = Debug|x64
		{CA629ABB-9ED8-4589-9B41-86B1375F115D}.Debug|Any CPU.Build.0 = Debug|x64
		{CA629ABB-9ED8-4589-9B41-86B1375F115D}.Debug|x64.ActiveCfg = Debug|x64
		{CA629ABB-9ED8-4589-9B41-86B1375F115D}.Debug|x64.Build.0 = Debug|x64
		{CA629ABB-9ED8-4589-9B41-86B1375F115D}.Debug|x86.ActiveCfg = Debug|x64
		{CA629ABB-9ED8-4589-9B41-86B1375F115D}.Debug|x86.Build.0 = Debug|x64
		{CA629ABB-9ED8-4589-9B41-86B1375F115D}.Release|Any CPU.ActiveCfg = Release|x64
		{CA629ABB-9ED8-4589-9B41-86B1375F115D}.Release|Any CPU.Build.0 = Release|x64
		{CA629ABB-9ED8-4589-9B41-86B1375F115D}.Release|x64.ActiveCfg = Release|x64
		{CA629ABB-9ED8-4589-9B41-86B1375F115D}.Release|x64.Build.0 = Release|x64
		{CA629ABB-9ED8-4589-9B41-86B1375F115D}.Release|x86.ActiveCfg = Release|x64
		{CA629ABB-9ED8-4589-9B41-86B1375F115D}.Release|x86.Build.0 = Release|x64
		{7B04A97C-5C7D-45E8-BF9B-387A65DA69C4}.Debug|Any CPU.ActiveCfg = Debug|x64
		{7B04A97C-5C7D-45E8-BF9B-387A65DA69C4}.Debug|Any CPU.Build.0 = Debug|x64
		{7B04A97C-5C7D-45E8-BF9B-387A65DA69C4}.Debug|x64.ActiveCfg = Debug|x64
		{7B04A97C-5C7D-45E8-BF9B-387A65DA69C4}.Debug|x64.Build.0 = Debug|x64
		{7B04A97C-5C7D-45E8-BF9B-387A65DA69C4}.Debug|x86.ActiveCfg = Debug|x64
		{7B04A97C-5C7D-45E8-BF9B-387A65DA69C4}.Debug|x86.Build.0 = Debug|x64
		{7B04A97C-5C7D-45E8-BF9B-387A65DA69C4}.Release|Any CPU.ActiveCfg = Release|x64
		{7B04A97C-5C7D-45E8-BF9B-387A65DA69C4}.Release|Any CPU.Build.0 = Release|x64
		{7B04A97C-5C7D-45E8-BF9B-387A65DA69C4}.Release|x64.ActiveCfg = Release|x64
		{7B04A97C-5C7D-45E8-BF9B-387A65DA69C4}.Release|x64.Build.0 = Release|x64
		{7B04A97C-5C7D-45E8-BF9B-387A65DA69C4}.Release|x86.ActiveCfg = Release|x64
		{7B04A97C-5C7D-45E8-BF9B-387A65DA69C4}.Release|x86.Build.0 = Release|x64
		{5A301E23-35B4-4FAB-A2A7-80DB84881BAE}.Debug|Any CPU.ActiveCfg = Debug|x64
		{5A301E23-35B4-4FAB-A2A7-80DB84881BAE}.Debug|Any CPU.Build.0 = Debug|x64
		{5A301E23-35B4-4FAB-A2A7-80DB84881BAE}.Debug|x64.ActiveCfg = Debug|x64
		{5A301E23-35B4-4FAB-A2A7-80DB84881BAE}.Debug|x64.Build.0 = Debug|x64
		{5A301E23-35B4-4FAB-A2A7-80DB84881BAE}.Debug|x86.ActiveCfg = Debug|x64
		{5A301E23-35B4-4FAB-A2A7-80DB84881BAE}.Debug|x86.Build.0 = Debug|x64
		{5A301E23-35B4-4FAB-A2A7-80DB84881BAE}.Release|Any CPU.ActiveCfg = Release|x64
		{5A301E23-35B4-4FAB-A2A7-80DB84881BAE}.Release|Any CPU.Build.0 = Release|x64
		{5A301E23-35B4-4FAB-A2A7-80DB84881BAE}.Release|x64.ActiveCfg = Release|x64
		{5A301E23-35B4-4FAB-A2A7-80DB84881BAE}.Release|x64.Build.0 = Release|x64
		{5A301E23-35B4-4FAB-A2A7-80DB84881BAE}.Release|x86.ActiveCfg = Release|x64
		{5A301E23-35B4-4FAB-A2A7-80DB84881BAE}.Release|x86.Build.0 = Release|x64
		{C2D4E0F8-DDA4-4AE1-BE4F-BCCD591436F5}.Debug|Any CPU.ActiveCfg = Debug|x64
		{C2D4E0F8-DDA4-4AE1-BE4F-BCCD591436F5}.Debug|Any CPU.Build.0 = Debug|x64
		{C2D4E0F8-DDA4-4AE1-BE4F-BCCD591436F5}.Debug|x64.ActiveCfg = Debug|x64
		{C2D4E0F8-DDA4-4AE1-BE4F-BCCD591436F5}.Debug|x64.Build.0 = Debug|x64
		{C2D4E0F8-DDA4-4AE1-BE4F-BCCD591436F5}.Debug|x86.ActiveCfg = Debug|x64
		{C2D4E0F8-DDA4-4AE1-BE4F-BCCD591436F5}.Debug|x86.Build.0 = Debug|x64
		{C2D4E0F8-DDA4-4AE1-BE4F-BCCD591436F5}.Release|Any CPU.ActiveCfg = Release|x64
		{C2D4E0F8-DDA4-4AE1-BE4F-BCCD591436F5}.Release|Any CPU.Build.0 = Release|x64
		{C2D4E0F8-DDA4-4AE1-BE4F-BCCD591436F5}.Release|x64.ActiveCfg = Release|x64
		{C2D4E0F8-DDA4-4AE1-BE4F-BCCD591436F5}.Release|x64.Build.0 = Release|x64
		{C2D4E0F8-DDA4-4AE1-BE4F-BCCD591436F5}.Release|x86.ActiveCfg = Release|x64
		{C2D4E0F8-DDA4-4AE1-BE4F-BCCD591436F5}.Release|x86.Build.0 = Release|x64
		{1BCC7073-EC31-4E2F-8A5D-BAC44EE76DD2}.Debug|Any CPU.ActiveCfg = Debug|x64
		{1BCC7073-EC31-4E2F-8A5D-BAC44EE76DD2}.Debug|Any CPU.Build.0 = Debug|x64
		{1BCC7073-EC31-4E2F-8A5D-BAC44EE76DD2}.Debug|x64.ActiveCfg = Debug|x64
		{1BCC7073-EC31-4E2F-8A5D-BAC44EE76DD2}.Debug|x64.Build.0 = Debug|x64
		{1BCC7073-EC31-4E2F-8A5D-BAC44EE76DD2}.Debug|x86.ActiveCfg = Debug|x64
		{1BCC7073-EC31-4E2F-8A5D-BAC44EE76DD2}.Debug|x86.Build.0 = Debug|x64
		{1BCC7073-EC31-4E2F-8A5D-BAC44EE76DD2}.Release|Any CPU.ActiveCfg = Release|x64
		{1BCC7073-EC31-4E2F-8A5D-BAC44EE76DD2}.Release|Any CPU.Build.0 = Release|x64
		{1BCC7073-EC31-4E2F-8A5D-BAC44EE76DD2}.Release|x64.ActiveCfg = Release|x64
		{1BCC7073-EC31-4E2F-8A5D-BAC44EE76DD2}.Release|x64.Build.0 = Release|x64
		{1BCC7073-EC31-4E2F-8A5D-BAC44EE76DD2}.Release|x86.ActiveCfg = Release|x64
		{1BCC7073-EC31-4E2F-8A5D-BAC44EE76DD2}.Release|x86.Build.0 = Release|x64
		{B361B9BA-071A-4E15-B44C-1DE40343EA97}.Debug|Any CPU.ActiveCfg = Debug|x64
		{B361B9BA-071A-4E15-B44C-1DE40343EA97}.Debug|Any CPU.Build.0 = Debug|x64
		{B361B9BA-071A-4E15-B44C-1DE40343EA97}.Debug|x64.ActiveCfg = Debug|x64
		{B361B9BA-071A-4E15-B44C-1DE40343EA97}.Debug|x64.Build.0 = Debug|x64
		{B361B9BA-071A-4E15-B44C-1DE40343EA97}.Debug|x86.ActiveCfg = Debug|x64
		{B361B9BA-071A-4E15-B44C-1DE40343EA97}.Debug|x86.Build.0 = Debug|x64
		{B361B9BA-071A-4E15-B44C-1DE40343EA97}.Release|Any CPU.ActiveCfg = Release|x64
		{B361B9BA-071A-4E15-B44C-1DE40343EA97}.Release|Any CPU.Build.0 = Release|x64
		{B361B9BA-071A-4E15-B44C-1DE40343EA97}.Release|x64.ActiveCfg = Release|x64
		{B361B9BA-071A-4E15-B44C-1DE40343EA97}.Release|x64.Build.0 = Release|x64
		{B361B9BA-071A-4E15-B44C-1DE40343EA97}.Release|x86.ActiveCfg = Release|x64
		{B361B9BA-071A-4E15-B44C-1DE40343EA97}.Release|x86.Build.0 = Release|x64
		{5B43AD5A-F467-4482-BDD0-DAF91BB2786B}.Debug|Any CPU.ActiveCfg = Debug|x64
		{5B43AD5A-F467-4482-BDD0-DAF91BB2786B}.Debug|Any CPU.Build.0 = Debug|x64
		{5B43AD5A-F467-4482-BDD0-DAF91BB2786B}.Debug|x64.ActiveCfg = Debug|x64
		{5B43AD5A-F467-4482-BDD0-DAF91BB2786B}.Debug|x64.Build.0 = Debug|x64
		{5B43AD5A-F467-4482-BDD0-DAF91BB2786B}.Debug|x86.ActiveCfg = Debug|x64
		{5B43AD5A-F467-4482-BDD0-DAF91BB2786B}.Debug|x86.Build.0 = Debug|x64
		{5B43AD5A-F467-4482-BDD0-DAF91BB2786B}.Release|Any CPU.ActiveCfg = Release|x64
		{5B43AD5A-F467-4482-BDD0-DAF91BB2786B}.Release|Any CPU.Build.0 = Release|x64
		{5B43AD5A-F467-4482-BDD0-DAF91BB2786B}.Release|x64.ActiveCfg = Release|x64
		{5B43AD5A-F467-4482-BDD0-DAF91BB2786B}.Release|x64.Build.0 = Release|x64
		{5B43AD5A-F467-4482-BDD0-DAF91BB2786B}.Release|x86.ActiveCfg = Release|x64
		{5B43AD5A-F467-4482-BDD0-DAF91BB2786B}.Release|x86.Build.0 = Release|x64
		{1E7E6B7B-A9A7-4A9D-B03E-408B830BA4C8}.Debug|Any CPU.ActiveCfg = Debug|x64
		{1E7E6B7B-A9A7-4A9D-B03E-408B830BA4C8}.Debug|Any CPU.Build.0 = Debug|x64
		{1E7E6B7B-A9A7-4A9D-B03E-408B830BA4C8}.Debug|x64.ActiveCfg = Debug|x64
		{1E7E6B7B-A9A7-4A9D-B03E-408B830BA4C8}.Debug|x64.Build.0 = Debug|x64
		{1E7E6B7B-A9A7-4A9D-B03E-408B830BA4C8}.Debug|x86.ActiveCfg = Debug|x64
		{1E7E6B7B-A9A7-4A9D-B03E-408B830BA4C8}.Debug|x86.Build.0 = Debug|x64
		{1E7E6B7B-A9A7-4A9D-B03E-408B830BA4C8}.Release|Any CPU.ActiveCfg = Release|x64
		{1E7E6B7B-A9A7-4A9D-B03E-408B830BA4C8}.Release|Any CPU.Build.0 = Release|x64
		{1E7E6B7B-A9A7-4A9D-B03E-408B830BA4C8}.Release|x64.ActiveCfg = Release|x64
		{1E7E6B7B-A9A7-4A9D-B03E-408B830BA4C8}.Release|x64.Build.0 = Release|x64
		{1E7E6B7B-A9A7-4A9D-B03E-408B830BA4C8}.Release|x86.ActiveCfg = Release|x64
		{1E7E6B7B-A9A7-4A9D-B03E-408B830BA4C8}.Release|x86.Build.0 = Release|x64
		{F338BD31-1533-4223-94C2-A7113C3A6D86}.Debug|Any CPU.ActiveCfg = Debug|x64
		{F338BD31-1533-4223-94C2-A7113C3A6D86}.Debug|Any CPU.Build.0 = Debug|x64
		{F338BD31-1533-4223-94C2-A7113C3A6D86}.Debug|x64.ActiveCfg = Debug|x64
		{F338BD31-1533-4223-94C2-A7113C3A6D86}.Debug|x64.Build.0 = Debug|x64
		{F338BD31-1533-4223-94C2-A7113C3A6D86}.Debug|x86.ActiveCfg = Debug|x64
		{F338BD31-1533-4223-94C2-A7113C3A6D86}.Debug|x86.Build.0 = Debug|x64
		{F338BD31-1533-4223-94C2-A7113C3A6D86}.Release|Any CPU.ActiveCfg = Release|x64
		{F338BD31-1533-4223-94C2-A7113C3A6D86}.Release|Any CPU.Build.0 = Release|x64
		{F338BD31-1533-4223-94C2-A7113C3A6D86}.Release|x64.ActiveCfg = Release|x64
		{F338BD31-1533-4223-94C2-A7113C3A6D86}.Release|x64.Build.0 = Release|x64
		{F338BD31-1533-4223-94C2-A7113C3A6D86}.Release|x86.ActiveCfg = Release|x64
		{F338BD31-1533-4223-94C2-A7113C3A6D86}.Release|x86.Build.0 = Release|x64
		{02CEEB7A-A24C-4C56-89CA-AE8DF89FCB60}.Debug|Any CPU.ActiveCfg = Debug|x64
		{02CEEB7A-A24C-4C56-89CA-AE8DF89FCB60}.Debug|Any CPU.Build.0 = Debug|x64
		{02CEEB7A-A24C-4C56-89CA-AE8DF89FCB60}.Debug|x64.ActiveCfg = Debug|x64
		{02CEEB7A-A24C-4C56-89CA-AE8DF89FCB60}.Debug|x64.Build.0 = Debug|x64
		{02CEEB7A-A24C-4C56-89CA-AE8DF89FCB60}.Debug|x86.ActiveCfg = Debug|x64
		{02CEEB7A-A24C-4C56-89CA-AE8DF89FCB60}.Debug|x86.Build.0 = Debug|x64
		{02CEEB7A-A24C-4C56-89CA-AE8DF89FCB60}.Release|Any CPU.ActiveCfg = Release|x64
		{02CEEB7A-A24C-4C56-89CA-AE8DF89FCB60}.Release|Any CPU.Build.0 = Release|x64
		{02CEEB7A-A24C-4C56-89CA-AE8DF89FCB60}.Release|x64.ActiveCfg = Release|x64
		{02CEEB7A-A24C-4C56-89CA-AE8DF89FCB60}.Release|x64.Build.0 = Release|x64
		{02CEEB7A-A24C-4C56-89CA-AE8DF89FCB60}.Release|x86.ActiveCfg = Release|x64
		{02CEEB7A-A24C-4C56-89CA-AE8DF89FCB60}.Release|x86.Build.0 = Release|x64
	EndGlobalSection
	GlobalSection(SolutionProperties) = preSolution
		HideSolutionNode = FALSE
	EndGlobalSection
	GlobalSection(NestedProjects) = preSolution
		{8674A1E9-810E-4D24-B314-716E6E1FC61D} = {827E0CD3-B72D-47B6-A68D-7590B98EB39B}
		{BEFE4099-FC91-47C6-9410-2C2D31E235F0} = {827E0CD3-B72D-47B6-A68D-7590B98EB39B}
		{83D38D0C-E346-4FA6-90A5-64C2280B32B9} = {07C2787E-EAC7-C090-1BA3-A61EC2A24D84}
		{D4E7F2A1-3B8C-4D5E-9F0A-1B2C3D4E5F6A} = {827E0CD3-B72D-47B6-A68D-7590B98EB39B}
		{FB7DEFBE-56C1-4D0F-8BF6-D98F68A5A0A0} = {827E0CD3-B72D-47B6-A68D-7590B98EB39B}
		{83FD716E-3D1C-47CC-87B8-971BBFD49777} = {827E0CD3-B72D-47B6-A68D-7590B98EB39B}
		{CA629ABB-9ED8-4589-9B41-86B1375F115D} = {827E0CD3-B72D-47B6-A68D-7590B98EB39B}
		{7B04A97C-5C7D-45E8-BF9B-387A65DA69C4} = {827E0CD3-B72D-47B6-A68D-7590B98EB39B}
		{5A301E23-35B4-4FAB-A2A7-80DB84881BAE} = {827E0CD3-B72D-47B6-A68D-7590B98EB39B}
		{C2D4E0F8-DDA4-4AE1-BE4F-BCCD591436F5} = {827E0CD3-B72D-47B6-A68D-7590B98EB39B}
		{1BCC7073-EC31-4E2F-8A5D-BAC44EE76DD2} = {827E0CD3-B72D-47B6-A68D-7590B98EB39B}
		{B361B9BA-071A-4E15-B44C-1DE40343EA97} = {827E0CD3-B72D-47B6-A68D-7590B98EB39B}
		{5B43AD5A-F467-4482-BDD0-DAF91BB2786B} = {827E0CD3-B72D-47B6-A68D-7590B98EB39B}
		{1E7E6B7B-A9A7-4A9D-B03E-408B830BA4C8} = {827E0CD3-B72D-47B6-A68D-7590B98EB39B}
		{F338BD31-1533-4223-94C2-A7113C3A6D86} = {827E0CD3-B72D-47B6-A68D-7590B98EB39B}
		{02CEEB7A-A24C-4C56-89CA-AE8DF89FCB60} = {827E0CD3-B72D-47B6-A68D-7590B98EB39B}
	EndGlobalSection
EndGlobal
